
Microsoft Visual Studio Solution File, Format Version 12.00
# Visual Studio Version 16
VisualStudioVersion = 25.0.1703.5
MinimumVisualStudioVersion = 10.0.40219.1
Project("{FAE04EC0-301F-11D3-BF4B-00C04F79EFBC}") = "HTTP5112_Cumulative_1", "HTTP5112_Cumulative_1\HTTP5112_Cumulative_1.csproj", "{4FA25A0D-9858-49B3-A05A-0E91D9307746}"
EndProject
Global
	GlobalSection(SolutionConfigurationPlatforms) = preSolution
		Debug|Any CPU = Debug|Any CPU
		Release|Any CPU = Release|Any CPU
	EndGlobalSection
	GlobalSection(ProjectConfigurationPlatforms) = postSolution
		{4FA25A0D-9858-49B3-A05A-0E91D9307746}.Debug|Any CPU.ActiveCfg = Debug|Any CPU
		{4FA25A0D-9858-49B3-A05A-0E91D9307746}.Debug|Any CPU.Build.0 = Debug|Any CPU
		{4FA25A0D-9858-49B3-A05A-0E91D9307746}.Release|Any CPU.ActiveCfg = Release|Any CPU
		{4FA25A0D-9858-49B3-A05A-0E91D9307746}.Release|Any CPU.Build.0 = Release|Any CPU
	EndGlobalSection
	GlobalSection(SolutionProperties) = preSolution
		HideSolutionNode = FALSE
	EndGlobalSection
	GlobalSection(ExtensibilityGlobals) = postSolution
		SolutionGuid = {0A3AAE71-370F-4066-B343-8DC203B7328A}
	EndGlobalSection
EndGlobal
